
Microsoft Visual Studio Solution File, Format Version 12.00
# Visual Studio 2013
VisualStudioVersion = 12.0.30501.0
MinimumVisualStudioVersion = 10.0.40219.1
Project("{FAE04EC0-301F-11D3-BF4B-00C04F79EFBC}") = "POChecker", "POChecker\POChecker.csproj", "{6BA1809B-DE84-4AD1-B08D-B2ABB8B943B6}"
EndProject
Project("{FAE04EC0-301F-11D3-BF4B-00C04F79EFBC}") = "MagentoPublisher", "MagentoPublisher\MagentoPublisher.csproj", "{6FC958DC-2EF0-44EE-9BC9-3B7BD06B106C}"
EndProject
Project("{FAE04EC0-301F-11D3-BF4B-00C04F79EFBC}") = "BerkeleyEntities", "BerkeleyEntities\BerkeleyEntities.csproj", "{EB9E166F-2060-4E0C-B9B3-72D93F9182A5}"
EndProject
Project("{FAE04EC0-301F-11D3-BF4B-00C04F79EFBC}") = "BinLocationUtility", "BinLocationUtility\BinLocationUtility.csproj", "{23FF3901-1A39-4F40-8C58-58E340A582EC}"
EndProject
Project("{FAE04EC0-301F-11D3-BF4B-00C04F79EFBC}") = "PhysicalInventoryUtility", "PhysicalInventoryUtility\PhysicalInventoryUtility.csproj", "{A63C6378-9516-4208-8543-49642F77BAB3}"
EndProject
Project("{FAE04EC0-301F-11D3-BF4B-00C04F79EFBC}") = "AutomaticSyncConsole", "AutomaticSyncConsole\AutomaticSyncConsole.csproj", "{069F44C0-9D59-425A-B4CD-286EE74C97C7}"
EndProject
Project("{FAE04EC0-301F-11D3-BF4B-00C04F79EFBC}") = "AmazonCompetitivePriceAnalyzer", "AmazonCompetitivePriceAnalyzer\AmazonCompetitivePriceAnalyzer.csproj", "{E70FF912-10A4-4B9C-BFB9-DD2B58E00C78}"
EndProject
Project("{FAE04EC0-301F-11D3-BF4B-00C04F79EFBC}") = "OperationsDashboard", "OperationsDashboard\OperationsDashboard.csproj", "{27C259C8-837E-432A-8BEA-C0FE4B407E2A}"
EndProject
Project("{FAE04EC0-301F-11D3-BF4B-00C04F79EFBC}") = "WorkbookPublisher", "WorkbookPublisher\WorkbookPublisher.csproj", "{8F0463F7-8E72-48B0-83DD-B3D18479E618}"
EndProject
Project("{FAE04EC0-301F-11D3-BF4B-00C04F79EFBC}") = "MarketplaceManager", "MarketplaceManager\MarketplaceManager.csproj", "{585AA2CF-6189-4163-AD62-284C523FA289}"
EndProject
Project("{FAE04EC0-301F-11D3-BF4B-00C04F79EFBC}") = "AmazonS3BackupService", "AmazonS3BackupService\AmazonS3BackupService.csproj", "{2ECCA326-DA2E-4B3E-8152-459FF716B7FC}"
EndProject
Project("{FAE04EC0-301F-11D3-BF4B-00C04F79EFBC}") = "BerkeleyStoreWebsite", "WebApplication1\BerkeleyStoreWebsite.csproj", "{3179758D-7CD2-441F-9D67-596085C46A28}"
EndProject
Project("{FAE04EC0-301F-11D3-BF4B-00C04F79EFBC}") = "CodilityTask3Demo", "CodilityTask3Demo\CodilityTask3Demo.csproj", "{5F9BEC8F-8835-48F7-9170-00293588EEE1}"
EndProject
Global
	GlobalSection(SolutionConfigurationPlatforms) = preSolution
		Debug|Any CPU = Debug|Any CPU
		Debug|Mixed Platforms = Debug|Mixed Platforms
		Debug|Win32 = Debug|Win32
		Debug|x86 = Debug|x86
		Release|Any CPU = Release|Any CPU
		Release|Mixed Platforms = Release|Mixed Platforms
		Release|Win32 = Release|Win32
		Release|x86 = Release|x86
	EndGlobalSection
	GlobalSection(ProjectConfigurationPlatforms) = postSolution
		{6BA1809B-DE84-4AD1-B08D-B2ABB8B943B6}.Debug|Any CPU.ActiveCfg = Debug|x86
		{6BA1809B-DE84-4AD1-B08D-B2ABB8B943B6}.Debug|Any CPU.Build.0 = Debug|x86
		{6BA1809B-DE84-4AD1-B08D-B2ABB8B943B6}.Debug|Mixed Platforms.ActiveCfg = Debug|x86
		{6BA1809B-DE84-4AD1-B08D-B2ABB8B943B6}.Debug|Mixed Platforms.Build.0 = Debug|x86
		{6BA1809B-DE84-4AD1-B08D-B2ABB8B943B6}.Debug|Win32.ActiveCfg = Debug|x86
		{6BA1809B-DE84-4AD1-B08D-B2ABB8B943B6}.Debug|x86.ActiveCfg = Debug|x86
		{6BA1809B-DE84-4AD1-B08D-B2ABB8B943B6}.Debug|x86.Build.0 = Debug|x86
		{6BA1809B-DE84-4AD1-B08D-B2ABB8B943B6}.Release|Any CPU.ActiveCfg = Release|x86
		{6BA1809B-DE84-4AD1-B08D-B2ABB8B943B6}.Release|Mixed Platforms.ActiveCfg = Release|x86
		{6BA1809B-DE84-4AD1-B08D-B2ABB8B943B6}.Release|Mixed Platforms.Build.0 = Release|x86
		{6BA1809B-DE84-4AD1-B08D-B2ABB8B943B6}.Release|Win32.ActiveCfg = Release|x86
		{6BA1809B-DE84-4AD1-B08D-B2ABB8B943B6}.Release|x86.ActiveCfg = Release|x86
		{6BA1809B-DE84-4AD1-B08D-B2ABB8B943B6}.Release|x86.Build.0 = Release|x86
		{6FC958DC-2EF0-44EE-9BC9-3B7BD06B106C}.Debug|Any CPU.ActiveCfg = Debug|x86
		{6FC958DC-2EF0-44EE-9BC9-3B7BD06B106C}.Debug|Any CPU.Build.0 = Debug|x86
		{6FC958DC-2EF0-44EE-9BC9-3B7BD06B106C}.Debug|Mixed Platforms.ActiveCfg = Debug|x86
		{6FC958DC-2EF0-44EE-9BC9-3B7BD06B106C}.Debug|Mixed Platforms.Build.0 = Debug|x86
		{6FC958DC-2EF0-44EE-9BC9-3B7BD06B106C}.Debug|Win32.ActiveCfg = Debug|x86
		{6FC958DC-2EF0-44EE-9BC9-3B7BD06B106C}.Debug|x86.ActiveCfg = Debug|x86
		{6FC958DC-2EF0-44EE-9BC9-3B7BD06B106C}.Debug|x86.Build.0 = Debug|x86
		{6FC958DC-2EF0-44EE-9BC9-3B7BD06B106C}.Release|Any CPU.ActiveCfg = Release|x86
		{6FC958DC-2EF0-44EE-9BC9-3B7BD06B106C}.Release|Mixed Platforms.ActiveCfg = Release|x86
		{6FC958DC-2EF0-44EE-9BC9-3B7BD06B106C}.Release|Mixed Platforms.Build.0 = Release|x86
		{6FC958DC-2EF0-44EE-9BC9-3B7BD06B106C}.Release|Win32.ActiveCfg = Release|x86
		{6FC958DC-2EF0-44EE-9BC9-3B7BD06B106C}.Release|x86.ActiveCfg = Release|x86
		{6FC958DC-2EF0-44EE-9BC9-3B7BD06B106C}.Release|x86.Build.0 = Release|x86
		{EB9E166F-2060-4E0C-B9B3-72D93F9182A5}.Debug|Any CPU.ActiveCfg = Debug|Any CPU
		{EB9E166F-2060-4E0C-B9B3-72D93F9182A5}.Debug|Any CPU.Build.0 = Debug|Any CPU
		{EB9E166F-2060-4E0C-B9B3-72D93F9182A5}.Debug|Any CPU.Deploy.0 = Debug|Any CPU
		{EB9E166F-2060-4E0C-B9B3-72D93F9182A5}.Debug|Mixed Platforms.ActiveCfg = Debug|Any CPU
		{EB9E166F-2060-4E0C-B9B3-72D93F9182A5}.Debug|Mixed Platforms.Build.0 = Debug|Any CPU
		{EB9E166F-2060-4E0C-B9B3-72D93F9182A5}.Debug|Win32.ActiveCfg = Debug|Any CPU
		{EB9E166F-2060-4E0C-B9B3-72D93F9182A5}.Debug|x86.ActiveCfg = Debug|Any CPU
		{EB9E166F-2060-4E0C-B9B3-72D93F9182A5}.Release|Any CPU.ActiveCfg = Release|Any CPU
		{EB9E166F-2060-4E0C-B9B3-72D93F9182A5}.Release|Any CPU.Build.0 = Release|Any CPU
		{EB9E166F-2060-4E0C-B9B3-72D93F9182A5}.Release|Mixed Platforms.ActiveCfg = Release|Any CPU
		{EB9E166F-2060-4E0C-B9B3-72D93F9182A5}.Release|Mixed Platforms.Build.0 = Release|Any CPU
		{EB9E166F-2060-4E0C-B9B3-72D93F9182A5}.Release|Win32.ActiveCfg = Release|Any CPU
		{EB9E166F-2060-4E0C-B9B3-72D93F9182A5}.Release|x86.ActiveCfg = Release|Any CPU
		{23FF3901-1A39-4F40-8C58-58E340A582EC}.Debug|Any CPU.ActiveCfg = Debug|x86
		{23FF3901-1A39-4F40-8C58-58E340A582EC}.Debug|Any CPU.Build.0 = Debug|x86
		{23FF3901-1A39-4F40-8C58-58E340A582EC}.Debug|Mixed Platforms.ActiveCfg = Debug|x86
		{23FF3901-1A39-4F40-8C58-58E340A582EC}.Debug|Mixed Platforms.Build.0 = Debug|x86
		{23FF3901-1A39-4F40-8C58-58E340A582EC}.Debug|Win32.ActiveCfg = Debug|x86
		{23FF3901-1A39-4F40-8C58-58E340A582EC}.Debug|x86.ActiveCfg = Debug|x86
		{23FF3901-1A39-4F40-8C58-58E340A582EC}.Debug|x86.Build.0 = Debug|x86
		{23FF3901-1A39-4F40-8C58-58E340A582EC}.Release|Any CPU.ActiveCfg = Release|x86
		{23FF3901-1A39-4F40-8C58-58E340A582EC}.Release|Mixed Platforms.ActiveCfg = Release|x86
		{23FF3901-1A39-4F40-8C58-58E340A582EC}.Release|Mixed Platforms.Build.0 = Release|x86
		{23FF3901-1A39-4F40-8C58-58E340A582EC}.Release|Win32.ActiveCfg = Release|x86
		{23FF3901-1A39-4F40-8C58-58E340A582EC}.Release|x86.ActiveCfg = Release|x86
		{23FF3901-1A39-4F40-8C58-58E340A582EC}.Release|x86.Build.0 = Release|x86
		{A63C6378-9516-4208-8543-49642F77BAB3}.Debug|Any CPU.ActiveCfg = Debug|x86
		{A63C6378-9516-4208-8543-49642F77BAB3}.Debug|Any CPU.Build.0 = Debug|x86
		{A63C6378-9516-4208-8543-49642F77BAB3}.Debug|Mixed Platforms.ActiveCfg = Debug|x86
		{A63C6378-9516-4208-8543-49642F77BAB3}.Debug|Mixed Platforms.Build.0 = Debug|x86
		{A63C6378-9516-4208-8543-49642F77BAB3}.Debug|Win32.ActiveCfg = Debug|x86
		{A63C6378-9516-4208-8543-49642F77BAB3}.Debug|x86.ActiveCfg = Debug|x86
		{A63C6378-9516-4208-8543-49642F77BAB3}.Debug|x86.Build.0 = Debug|x86
		{A63C6378-9516-4208-8543-49642F77BAB3}.Release|Any CPU.ActiveCfg = Release|x86
		{A63C6378-9516-4208-8543-49642F77BAB3}.Release|Mixed Platforms.ActiveCfg = Release|x86
		{A63C6378-9516-4208-8543-49642F77BAB3}.Release|Mixed Platforms.Build.0 = Release|x86
		{A63C6378-9516-4208-8543-49642F77BAB3}.Release|Win32.ActiveCfg = Release|x86
		{A63C6378-9516-4208-8543-49642F77BAB3}.Release|x86.ActiveCfg = Release|x86
		{A63C6378-9516-4208-8543-49642F77BAB3}.Release|x86.Build.0 = Release|x86
		{069F44C0-9D59-425A-B4CD-286EE74C97C7}.Debug|Any CPU.ActiveCfg = Debug|x86
		{069F44C0-9D59-425A-B4CD-286EE74C97C7}.Debug|Any CPU.Build.0 = Debug|x86
		{069F44C0-9D59-425A-B4CD-286EE74C97C7}.Debug|Any CPU.Deploy.0 = Debug|x86
		{069F44C0-9D59-425A-B4CD-286EE74C97C7}.Debug|Mixed Platforms.ActiveCfg = Debug|x86
		{069F44C0-9D59-425A-B4CD-286EE74C97C7}.Debug|Mixed Platforms.Build.0 = Debug|x86
		{069F44C0-9D59-425A-B4CD-286EE74C97C7}.Debug|Win32.ActiveCfg = Debug|x86
		{069F44C0-9D59-425A-B4CD-286EE74C97C7}.Debug|x86.ActiveCfg = Debug|x86
		{069F44C0-9D59-425A-B4CD-286EE74C97C7}.Debug|x86.Build.0 = Debug|x86
		{069F44C0-9D59-425A-B4CD-286EE74C97C7}.Release|Any CPU.ActiveCfg = Release|x86
		{069F44C0-9D59-425A-B4CD-286EE74C97C7}.Release|Mixed Platforms.ActiveCfg = Release|x86
		{069F44C0-9D59-425A-B4CD-286EE74C97C7}.Release|Mixed Platforms.Build.0 = Release|x86
		{069F44C0-9D59-425A-B4CD-286EE74C97C7}.Release|Win32.ActiveCfg = Release|x86
		{069F44C0-9D59-425A-B4CD-286EE74C97C7}.Release|x86.ActiveCfg = Release|x86
		{069F44C0-9D59-425A-B4CD-286EE74C97C7}.Release|x86.Build.0 = Release|x86
		{E70FF912-10A4-4B9C-BFB9-DD2B58E00C78}.Debug|Any CPU.ActiveCfg = Debug|x86
		{E70FF912-10A4-4B9C-BFB9-DD2B58E00C78}.Debug|Any CPU.Build.0 = Debug|x86
		{E70FF912-10A4-4B9C-BFB9-DD2B58E00C78}.Debug|Any CPU.Deploy.0 = Debug|x86
		{E70FF912-10A4-4B9C-BFB9-DD2B58E00C78}.Debug|Mixed Platforms.ActiveCfg = Debug|x86
		{E70FF912-10A4-4B9C-BFB9-DD2B58E00C78}.Debug|Mixed Platforms.Build.0 = Debug|x86
		{E70FF912-10A4-4B9C-BFB9-DD2B58E00C78}.Debug|Mixed Platforms.Deploy.0 = Debug|x86
		{E70FF912-10A4-4B9C-BFB9-DD2B58E00C78}.Debug|Win32.ActiveCfg = Debug|x86
		{E70FF912-10A4-4B9C-BFB9-DD2B58E00C78}.Debug|x86.ActiveCfg = Debug|x86
		{E70FF912-10A4-4B9C-BFB9-DD2B58E00C78}.Debug|x86.Build.0 = Debug|x86
		{E70FF912-10A4-4B9C-BFB9-DD2B58E00C78}.Release|Any CPU.ActiveCfg = Release|x86
		{E70FF912-10A4-4B9C-BFB9-DD2B58E00C78}.Release|Mixed Platforms.ActiveCfg = Release|x86
		{E70FF912-10A4-4B9C-BFB9-DD2B58E00C78}.Release|Mixed Platforms.Build.0 = Release|x86
		{E70FF912-10A4-4B9C-BFB9-DD2B58E00C78}.Release|Win32.ActiveCfg = Release|x86
		{E70FF912-10A4-4B9C-BFB9-DD2B58E00C78}.Release|x86.ActiveCfg = Release|x86
		{E70FF912-10A4-4B9C-BFB9-DD2B58E00C78}.Release|x86.Build.0 = Release|x86
		{27C259C8-837E-432A-8BEA-C0FE4B407E2A}.Debug|Any CPU.ActiveCfg = Debug|x86
		{27C259C8-837E-432A-8BEA-C0FE4B407E2A}.Debug|Any CPU.Build.0 = Debug|x86
		{27C259C8-837E-432A-8BEA-C0FE4B407E2A}.Debug|Mixed Platforms.ActiveCfg = Debug|x86
		{27C259C8-837E-432A-8BEA-C0FE4B407E2A}.Debug|Mixed Platforms.Build.0 = Debug|x86
		{27C259C8-837E-432A-8BEA-C0FE4B407E2A}.Debug|Win32.ActiveCfg = Debug|x86
		{27C259C8-837E-432A-8BEA-C0FE4B407E2A}.Debug|x86.ActiveCfg = Debug|x86
		{27C259C8-837E-432A-8BEA-C0FE4B407E2A}.Debug|x86.Build.0 = Debug|x86
		{27C259C8-837E-432A-8BEA-C0FE4B407E2A}.Release|Any CPU.ActiveCfg = Release|x86
		{27C259C8-837E-432A-8BEA-C0FE4B407E2A}.Release|Mixed Platforms.ActiveCfg = Release|x86
		{27C259C8-837E-432A-8BEA-C0FE4B407E2A}.Release|Mixed Platforms.Build.0 = Release|x86
		{27C259C8-837E-432A-8BEA-C0FE4B407E2A}.Release|Win32.ActiveCfg = Release|x86
		{27C259C8-837E-432A-8BEA-C0FE4B407E2A}.Release|x86.ActiveCfg = Release|x86
		{27C259C8-837E-432A-8BEA-C0FE4B407E2A}.Release|x86.Build.0 = Release|x86
		{8F0463F7-8E72-48B0-83DD-B3D18479E618}.Debug|Any CPU.ActiveCfg = Debug|Any CPU
		{8F0463F7-8E72-48B0-83DD-B3D18479E618}.Debug|Any CPU.Build.0 = Debug|Any CPU
		{8F0463F7-8E72-48B0-83DD-B3D18479E618}.Debug|Mixed Platforms.ActiveCfg = Debug|Any CPU
		{8F0463F7-8E72-48B0-83DD-B3D18479E618}.Debug|Mixed Platforms.Build.0 = Debug|Any CPU
		{8F0463F7-8E72-48B0-83DD-B3D18479E618}.Debug|Win32.ActiveCfg = Debug|Any CPU
		{8F0463F7-8E72-48B0-83DD-B3D18479E618}.Debug|x86.ActiveCfg = Debug|Any CPU
		{8F0463F7-8E72-48B0-83DD-B3D18479E618}.Release|Any CPU.ActiveCfg = Release|Any CPU
		{8F0463F7-8E72-48B0-83DD-B3D18479E618}.Release|Any CPU.Build.0 = Release|Any CPU
		{8F0463F7-8E72-48B0-83DD-B3D18479E618}.Release|Mixed Platforms.ActiveCfg = Release|Any CPU
		{8F0463F7-8E72-48B0-83DD-B3D18479E618}.Release|Mixed Platforms.Build.0 = Release|Any CPU
		{8F0463F7-8E72-48B0-83DD-B3D18479E618}.Release|Win32.ActiveCfg = Release|Any CPU
		{8F0463F7-8E72-48B0-83DD-B3D18479E618}.Release|x86.ActiveCfg = Release|Any CPU
		{585AA2CF-6189-4163-AD62-284C523FA289}.Debug|Any CPU.ActiveCfg = Debug|Any CPU
		{585AA2CF-6189-4163-AD62-284C523FA289}.Debug|Any CPU.Build.0 = Debug|Any CPU
		{585AA2CF-6189-4163-AD62-284C523FA289}.Debug|Mixed Platforms.ActiveCfg = Debug|Any CPU
		{585AA2CF-6189-4163-AD62-284C523FA289}.Debug|Mixed Platforms.Build.0 = Debug|Any CPU
		{585AA2CF-6189-4163-AD62-284C523FA289}.Debug|Win32.ActiveCfg = Debug|Any CPU
		{585AA2CF-6189-4163-AD62-284C523FA289}.Debug|x86.ActiveCfg = Debug|Any CPU
		{585AA2CF-6189-4163-AD62-284C523FA289}.Release|Any CPU.ActiveCfg = Release|Any CPU
		{585AA2CF-6189-4163-AD62-284C523FA289}.Release|Any CPU.Build.0 = Release|Any CPU
		{585AA2CF-6189-4163-AD62-284C523FA289}.Release|Mixed Platforms.ActiveCfg = Release|Any CPU
		{585AA2CF-6189-4163-AD62-284C523FA289}.Release|Mixed Platforms.Build.0 = Release|Any CPU
		{585AA2CF-6189-4163-AD62-284C523FA289}.Release|Win32.ActiveCfg = Release|Any CPU
		{585AA2CF-6189-4163-AD62-284C523FA289}.Release|x86.ActiveCfg = Release|Any CPU
		{2ECCA326-DA2E-4B3E-8152-459FF716B7FC}.Debug|Any CPU.ActiveCfg = Debug|Any CPU
		{2ECCA326-DA2E-4B3E-8152-459FF716B7FC}.Debug|Any CPU.Build.0 = Debug|Any CPU
		{2ECCA326-DA2E-4B3E-8152-459FF716B7FC}.Debug|Mixed Platforms.ActiveCfg = Debug|Any CPU
		{2ECCA326-DA2E-4B3E-8152-459FF716B7FC}.Debug|Mixed Platforms.Build.0 = Debug|Any CPU
		{2ECCA326-DA2E-4B3E-8152-459FF716B7FC}.Debug|Win32.ActiveCfg = Debug|Any CPU
		{2ECCA326-DA2E-4B3E-8152-459FF716B7FC}.Debug|x86.ActiveCfg = Debug|Any CPU
		{2ECCA326-DA2E-4B3E-8152-459FF716B7FC}.Release|Any CPU.ActiveCfg = Release|Any CPU
		{2ECCA326-DA2E-4B3E-8152-459FF716B7FC}.Release|Any CPU.Build.0 = Release|Any CPU
		{2ECCA326-DA2E-4B3E-8152-459FF716B7FC}.Release|Mixed Platforms.ActiveCfg = Release|Any CPU
		{2ECCA326-DA2E-4B3E-8152-459FF716B7FC}.Release|Mixed Platforms.Build.0 = Release|Any CPU
		{2ECCA326-DA2E-4B3E-8152-459FF716B7FC}.Release|Win32.ActiveCfg = Release|Any CPU
		{2ECCA326-DA2E-4B3E-8152-459FF716B7FC}.Release|x86.ActiveCfg = Release|Any CPU
		{3179758D-7CD2-441F-9D67-596085C46A28}.Debug|Any CPU.ActiveCfg = Debug|Any CPU
		{3179758D-7CD2-441F-9D67-596085C46A28}.Debug|Any CPU.Build.0 = Debug|Any CPU
		{3179758D-7CD2-441F-9D67-596085C46A28}.Debug|Mixed Platforms.ActiveCfg = Debug|Any CPU
		{3179758D-7CD2-441F-9D67-596085C46A28}.Debug|Mixed Platforms.Build.0 = Debug|Any CPU
		{3179758D-7CD2-441F-9D67-596085C46A28}.Debug|Win32.ActiveCfg = Debug|Any CPU
		{3179758D-7CD2-441F-9D67-596085C46A28}.Debug|x86.ActiveCfg = Debug|Any CPU
		{3179758D-7CD2-441F-9D67-596085C46A28}.Release|Any CPU.ActiveCfg = Release|Any CPU
		{3179758D-7CD2-441F-9D67-596085C46A28}.Release|Any CPU.Build.0 = Release|Any CPU
		{3179758D-7CD2-441F-9D67-596085C46A28}.Release|Mixed Platforms.ActiveCfg = Release|Any CPU
		{3179758D-7CD2-441F-9D67-596085C46A28}.Release|Mixed Platforms.Build.0 = Release|Any CPU
		{3179758D-7CD2-441F-9D67-596085C46A28}.Release|Win32.ActiveCfg = Release|Any CPU
		{3179758D-7CD2-441F-9D67-596085C46A28}.Release|x86.ActiveCfg = Release|Any CPU
		{5F9BEC8F-8835-48F7-9170-00293588EEE1}.Debug|Any CPU.ActiveCfg = Debug|Any CPU
		{5F9BEC8F-8835-48F7-9170-00293588EEE1}.Debug|Any CPU.Build.0 = Debug|Any CPU
		{5F9BEC8F-8835-48F7-9170-00293588EEE1}.Debug|Mixed Platforms.ActiveCfg = Debug|Any CPU
		{5F9BEC8F-8835-48F7-9170-00293588EEE1}.Debug|Mixed Platforms.Build.0 = Debug|Any CPU
		{5F9BEC8F-8835-48F7-9170-00293588EEE1}.Debug|Win32.ActiveCfg = Debug|Any CPU
		{5F9BEC8F-8835-48F7-9170-00293588EEE1}.Debug|x86.ActiveCfg = Debug|Any CPU
		{5F9BEC8F-8835-48F7-9170-00293588EEE1}.Release|Any CPU.ActiveCfg = Release|Any CPU
		{5F9BEC8F-8835-48F7-9170-00293588EEE1}.Release|Any CPU.Build.0 = Release|Any CPU
		{5F9BEC8F-8835-48F7-9170-00293588EEE1}.Release|Mixed Platforms.ActiveCfg = Release|Any CPU
		{5F9BEC8F-8835-48F7-9170-00293588EEE1}.Release|Mixed Platforms.Build.0 = Release|Any CPU
		{5F9BEC8F-8835-48F7-9170-00293588EEE1}.Release|Win32.ActiveCfg = Release|Any CPU
		{5F9BEC8F-8835-48F7-9170-00293588EEE1}.Release|x86.ActiveCfg = Release|Any CPU
	EndGlobalSection
	GlobalSection(SolutionProperties) = preSolution
		HideSolutionNode = FALSE
	EndGlobalSection
EndGlobal
