Microsoft Visual Studio Solution File, Format Version 11.00
# Visual Studio 2010
Project("{FAE04EC0-301F-11D3-BF4B-00C04F79EFBC}") = "MarketplaceWebServiceOrders.Samples", "MarketplaceWebServiceOrders.Samples\MarketplaceWebServiceOrders.Samples.csproj", "{E9D7E77F-EA3F-3C73-A740-C74D49A6978D}"
	ProjectSection(ProjectDependencies) = postProject
		{2AD52941-1F8A-3ED6-9F00-69F6F6AB2803} = {2AD52941-1F8A-3ED6-9F00-69F6F6AB2803}
	EndProjectSection
EndProject
Project("{FAE04EC0-301F-11D3-BF4B-00C04F79EFBC}") = "MarketplaceWebServiceOrders", "MarketplaceWebServiceOrders\MarketplaceWebServiceOrders.csproj", "{2AD52941-1F8A-3ED6-9F00-69F6F6AB2803}"
EndProject
Global
	GlobalSection(SolutionConfigurationPlatforms) = preSolution
		Debug|Any CPU = Debug|Any CPU
		Release|Any CPU = Release|Any CPU
	EndGlobalSection
	GlobalSection(ProjectConfigurationPlatforms) = postSolution
		{E9D7E77F-EA3F-3C73-A740-C74D49A6978D}.Debug|Any CPU.ActiveCfg = Debug|Any CPU
		{E9D7E77F-EA3F-3C73-A740-C74D49A6978D}.Debug|Any CPU.Build.0 = Debug|Any CPU
		{E9D7E77F-EA3F-3C73-A740-C74D49A6978D}.Release|Any CPU.ActiveCfg = Release|Any CPU
		{E9D7E77F-EA3F-3C73-A740-C74D49A6978D}.Release|Any CPU.Build.0 = Release|Any CPU
		{2AD52941-1F8A-3ED6-9F00-69F6F6AB2803}.Debug|Any CPU.ActiveCfg = Debug|Any CPU
		{2AD52941-1F8A-3ED6-9F00-69F6F6AB2803}.Debug|Any CPU.Build.0 = Debug|Any CPU
		{2AD52941-1F8A-3ED6-9F00-69F6F6AB2803}.Release|Any CPU.ActiveCfg = Release|Any CPU
		{2AD52941-1F8A-3ED6-9F00-69F6F6AB2803}.Release|Any CPU.Build.0 = Release|Any CPU
	EndGlobalSection
	GlobalSection(SolutionProperties) = preSolution
		HideSolutionNode = FALSE
	EndGlobalSection
EndGlobal
